
Microsoft Visual Studio Solution File, Format Version 12.00
# Visual Studio Version 17
VisualStudioVersion = 17.3.32922.545
MinimumVisualStudioVersion = 10.0.40219.1
Project("{FAE04EC0-301F-11D3-BF4B-00C04F79EFBC}") = "RedditViewerLabJT", "RedditViewerLabJT.csproj", "{C424674F-8FA9-4F97-950D-94F786F5C4BB}"
EndProject
Global
	GlobalSection(SolutionConfigurationPlatforms) = preSolution
		Debug|Any CPU = Debug|Any CPU
		Release|Any CPU = Release|Any CPU
	EndGlobalSection
	GlobalSection(ProjectConfigurationPlatforms) = postSolution
		{C424674F-8FA9-4F97-950D-94F786F5C4BB}.Debug|Any CPU.ActiveCfg = Debug|Any CPU
		{C424674F-8FA9-4F97-950D-94F786F5C4BB}.Debug|Any CPU.Build.0 = Debug|Any CPU
		{C424674F-8FA9-4F97-950D-94F786F5C4BB}.Release|Any CPU.ActiveCfg = Release|Any CPU
		{C424674F-8FA9-4F97-950D-94F786F5C4BB}.Release|Any CPU.Build.0 = Release|Any CPU
	EndGlobalSection
	GlobalSection(SolutionProperties) = preSolution
		HideSolutionNode = FALSE
	EndGlobalSection
	GlobalSection(ExtensibilityGlobals) = postSolution
		SolutionGuid = {B6F3B0C6-1FE1-4A7F-A8D9-2946B53BCCAD}
	EndGlobalSection
EndGlobal
